
Microsoft Visual Studio Solution File, Format Version 12.00
# Visual Studio Version 17
VisualStudioVersion = 17.0.31903.59
MinimumVisualStudioVersion = 10.0.40219.1
Project("{9A19103F-16F7-4668-BE54-9A1E7A4F7556}") = "Hotel.Web", "Hotel.Web\Hotel.Web.csproj", "{FC28F381-8C77-4589-9D36-FA25702DFCB4}"
EndProject
Project("{9A19103F-16F7-4668-BE54-9A1E7A4F7556}") = "Hotel.UnitTest", "Hotel.UnitTest\Hotel.UnitTest.csproj", "{6BF4E700-9615-401F-9A38-4489F013E072}"
EndProject
Project("{9A19103F-16F7-4668-BE54-9A1E7A4F7556}") = "Hotel.Domain", "Hotel.Domain\Hotel.Domain.csproj", "{3EA9F795-40D9-4643-B877-7822FE0EFE77}"
EndProject
Project("{9A19103F-16F7-4668-BE54-9A1E7A4F7556}") = "Hotel.Infrastructure", "Hotel.Infrastructure\Hotel.Infrastructure.csproj", "{59FCB5B1-B890-44B3-AD16-24131E6193AF}"
EndProject
Project("{9A19103F-16F7-4668-BE54-9A1E7A4F7556}") = "Hotel.Ioc", "Hotel.Ioc\Hotel.Ioc.csproj", "{D3099550-0ADF-46AE-9DCD-FB5EB75FB1C3}"
EndProject
Project("{FAE04EC0-301F-11D3-BF4B-00C04F79EFBC}") = "Hotel.WebApi", "Hotel.WebApi\Hotel.WebApi.csproj", "{E612BAB2-F131-4D8B-8854-1D7D45226CFD}"
EndProject
Project("{FAE04EC0-301F-11D3-BF4B-00C04F79EFBC}") = "Hotel.Application", "Hotel.Application\Hotel.Application.csproj", "{5DD89A49-BBFB-471F-BE0A-855F918E22C0}"
EndProject
Global
	GlobalSection(SolutionConfigurationPlatforms) = preSolution
		Debug|Any CPU = Debug|Any CPU
		Release|Any CPU = Release|Any CPU
	EndGlobalSection
	GlobalSection(ProjectConfigurationPlatforms) = postSolution
		{FC28F381-8C77-4589-9D36-FA25702DFCB4}.Debug|Any CPU.ActiveCfg = Debug|Any CPU
		{FC28F381-8C77-4589-9D36-FA25702DFCB4}.Debug|Any CPU.Build.0 = Debug|Any CPU
		{FC28F381-8C77-4589-9D36-FA25702DFCB4}.Release|Any CPU.ActiveCfg = Release|Any CPU
		{FC28F381-8C77-4589-9D36-FA25702DFCB4}.Release|Any CPU.Build.0 = Release|Any CPU
		{6BF4E700-9615-401F-9A38-4489F013E072}.Debug|Any CPU.ActiveCfg = Debug|Any CPU
		{6BF4E700-9615-401F-9A38-4489F013E072}.Debug|Any CPU.Build.0 = Debug|Any CPU
		{6BF4E700-9615-401F-9A38-4489F013E072}.Release|Any CPU.ActiveCfg = Release|Any CPU
		{6BF4E700-9615-401F-9A38-4489F013E072}.Release|Any CPU.Build.0 = Release|Any CPU
		{3EA9F795-40D9-4643-B877-7822FE0EFE77}.Debug|Any CPU.ActiveCfg = Debug|Any CPU
		{3EA9F795-40D9-4643-B877-7822FE0EFE77}.Debug|Any CPU.Build.0 = Debug|Any CPU
		{3EA9F795-40D9-4643-B877-7822FE0EFE77}.Release|Any CPU.ActiveCfg = Release|Any CPU
		{3EA9F795-40D9-4643-B877-7822FE0EFE77}.Release|Any CPU.Build.0 = Release|Any CPU
		{59FCB5B1-B890-44B3-AD16-24131E6193AF}.Debug|Any CPU.ActiveCfg = Debug|Any CPU
		{59FCB5B1-B890-44B3-AD16-24131E6193AF}.Debug|Any CPU.Build.0 = Debug|Any CPU
		{59FCB5B1-B890-44B3-AD16-24131E6193AF}.Release|Any CPU.ActiveCfg = Release|Any CPU
		{59FCB5B1-B890-44B3-AD16-24131E6193AF}.Release|Any CPU.Build.0 = Release|Any CPU
		{D3099550-0ADF-46AE-9DCD-FB5EB75FB1C3}.Debug|Any CPU.ActiveCfg = Debug|Any CPU
		{D3099550-0ADF-46AE-9DCD-FB5EB75FB1C3}.Debug|Any CPU.Build.0 = Debug|Any CPU
		{D3099550-0ADF-46AE-9DCD-FB5EB75FB1C3}.Release|Any CPU.ActiveCfg = Release|Any CPU
		{D3099550-0ADF-46AE-9DCD-FB5EB75FB1C3}.Release|Any CPU.Build.0 = Release|Any CPU
		{6EC1F984-2215-41EA-BAC0-B7C51B1C75A0}.Debug|Any CPU.ActiveCfg = Debug|Any CPU
		{6EC1F984-2215-41EA-BAC0-B7C51B1C75A0}.Debug|Any CPU.Build.0 = Debug|Any CPU
		{6EC1F984-2215-41EA-BAC0-B7C51B1C75A0}.Release|Any CPU.ActiveCfg = Release|Any CPU
		{6EC1F984-2215-41EA-BAC0-B7C51B1C75A0}.Release|Any CPU.Build.0 = Release|Any CPU
		{E612BAB2-F131-4D8B-8854-1D7D45226CFD}.Debug|Any CPU.ActiveCfg = Debug|Any CPU
		{E612BAB2-F131-4D8B-8854-1D7D45226CFD}.Debug|Any CPU.Build.0 = Debug|Any CPU
		{E612BAB2-F131-4D8B-8854-1D7D45226CFD}.Release|Any CPU.ActiveCfg = Release|Any CPU
		{E612BAB2-F131-4D8B-8854-1D7D45226CFD}.Release|Any CPU.Build.0 = Release|Any CPU
		{5DD89A49-BBFB-471F-BE0A-855F918E22C0}.Debug|Any CPU.ActiveCfg = Debug|Any CPU
		{5DD89A49-BBFB-471F-BE0A-855F918E22C0}.Debug|Any CPU.Build.0 = Debug|Any CPU
		{5DD89A49-BBFB-471F-BE0A-855F918E22C0}.Release|Any CPU.ActiveCfg = Release|Any CPU
		{5DD89A49-BBFB-471F-BE0A-855F918E22C0}.Release|Any CPU.Build.0 = Release|Any CPU
	EndGlobalSection
	GlobalSection(SolutionProperties) = preSolution
		HideSolutionNode = FALSE
	EndGlobalSection
EndGlobal
